
Microsoft Visual Studio Solution File, Format Version 12.00
# Visual Studio 15
VisualStudioVersion = 15.0.28010.2046
MinimumVisualStudioVersion = 10.0.40219.1
Project("{8BC9CEB8-8B4A-11D0-8D11-00A0C91BC942}") = "cpu", "src\cpu\cpu.vcxproj", "{5F87CF09-F9DA-4284-AB54-F72149F34B84}"
EndProject
Project("{8BC9CEB8-8B4A-11D0-8D11-00A0C91BC942}") = "assets", "src\assets\assets.vcxproj", "{13421D7C-0894-41B8-899F-7480195BD43C}"
EndProject
Project("{8BC9CEB8-8B4A-11D0-8D11-00A0C91BC942}") = "debugger", "src\debugger\debugger.vcxproj", "{7D607CA3-8A9E-4CC3-AEC5-7BD8584BF99F}"
EndProject
Project("{8BC9CEB8-8B4A-11D0-8D11-00A0C91BC942}") = "core", "src\core\core.vcxproj", "{3EF31140-6D38-4155-8EA4-A2B11EBE9124}"
EndProject
Project("{8BC9CEB8-8B4A-11D0-8D11-00A0C91BC942}") = "application", "src\application\application.vcxproj", "{B12702AD-ABFB-343A-A199-8E24837244A3}"
EndProject
Project("{8BC9CEB8-8B4A-11D0-8D11-00A0C91BC942}") = "vm", "src\vm\vm.vcxproj", "{860C42E1-D3DF-4114-8983-4FA699108517}"
EndProject
Project("{8BC9CEB8-8B4A-11D0-8D11-00A0C91BC942}") = "devices", "src\devices\devices.vcxproj", "{3290CC8B-AEFD-48CF-AFCB-4F45719010CD}"
EndProject
Global
	GlobalSection(SolutionConfigurationPlatforms) = preSolution
		Debug|x64 = Debug|x64
		Release|x64 = Release|x64
	EndGlobalSection
	GlobalSection(ProjectConfigurationPlatforms) = postSolution
		{5F87CF09-F9DA-4284-AB54-F72149F34B84}.Debug|x64.ActiveCfg = Debug|x64
		{5F87CF09-F9DA-4284-AB54-F72149F34B84}.Debug|x64.Build.0 = Debug|x64
		{5F87CF09-F9DA-4284-AB54-F72149F34B84}.Release|x64.ActiveCfg = Release|x64
		{5F87CF09-F9DA-4284-AB54-F72149F34B84}.Release|x64.Build.0 = Release|x64
		{13421D7C-0894-41B8-899F-7480195BD43C}.Debug|x64.ActiveCfg = Debug|x64
		{13421D7C-0894-41B8-899F-7480195BD43C}.Debug|x64.Build.0 = Debug|x64
		{13421D7C-0894-41B8-899F-7480195BD43C}.Release|x64.ActiveCfg = Release|x64
		{13421D7C-0894-41B8-899F-7480195BD43C}.Release|x64.Build.0 = Release|x64
		{7D607CA3-8A9E-4CC3-AEC5-7BD8584BF99F}.Debug|x64.ActiveCfg = Debug|x64
		{7D607CA3-8A9E-4CC3-AEC5-7BD8584BF99F}.Debug|x64.Build.0 = Debug|x64
		{7D607CA3-8A9E-4CC3-AEC5-7BD8584BF99F}.Release|x64.ActiveCfg = Release|x64
		{7D607CA3-8A9E-4CC3-AEC5-7BD8584BF99F}.Release|x64.Build.0 = Release|x64
		{3EF31140-6D38-4155-8EA4-A2B11EBE9124}.Debug|x64.ActiveCfg = Debug|x64
		{3EF31140-6D38-4155-8EA4-A2B11EBE9124}.Debug|x64.Build.0 = Debug|x64
		{3EF31140-6D38-4155-8EA4-A2B11EBE9124}.Release|x64.ActiveCfg = Release|x64
		{3EF31140-6D38-4155-8EA4-A2B11EBE9124}.Release|x64.Build.0 = Release|x64
		{B12702AD-ABFB-343A-A199-8E24837244A3}.Debug|x64.ActiveCfg = Debug|x64
		{B12702AD-ABFB-343A-A199-8E24837244A3}.Debug|x64.Build.0 = Debug|x64
		{B12702AD-ABFB-343A-A199-8E24837244A3}.Release|x64.ActiveCfg = Release|x64
		{B12702AD-ABFB-343A-A199-8E24837244A3}.Release|x64.Build.0 = Release|x64
		{860C42E1-D3DF-4114-8983-4FA699108517}.Debug|x64.ActiveCfg = Debug|x64
		{860C42E1-D3DF-4114-8983-4FA699108517}.Debug|x64.Build.0 = Debug|x64
		{860C42E1-D3DF-4114-8983-4FA699108517}.Release|x64.ActiveCfg = Release|x64
		{860C42E1-D3DF-4114-8983-4FA699108517}.Release|x64.Build.0 = Release|x64
		{3290CC8B-AEFD-48CF-AFCB-4F45719010CD}.Debug|x64.ActiveCfg = Debug|x64
		{3290CC8B-AEFD-48CF-AFCB-4F45719010CD}.Debug|x64.Build.0 = Debug|x64
		{3290CC8B-AEFD-48CF-AFCB-4F45719010CD}.Release|x64.ActiveCfg = Release|x64
		{3290CC8B-AEFD-48CF-AFCB-4F45719010CD}.Release|x64.Build.0 = Release|x64
	EndGlobalSection
	GlobalSection(SolutionProperties) = preSolution
		HideSolutionNode = FALSE
	EndGlobalSection
	GlobalSection(ExtensibilityGlobals) = postSolution
		Qt5Version = msvc2017_64
		SolutionGuid = {AE9D761F-A1B3-4841-98C7-D5EFE9CB2DEF}
	EndGlobalSection
EndGlobal
